
Microsoft Visual Studio Solution File, Format Version 12.00
# Visual Studio Version 17
VisualStudioVersion = 17.8.34330.188
MinimumVisualStudioVersion = 10.0.40219.1
Project("{FAE04EC0-301F-11D3-BF4B-00C04F79EFBC}") = "LAB_6_SQL", "LAB_6_SQL\LAB_6_SQL.csproj", "{1E915864-554C-4BF2-BE35-829014EF94B0}"
EndProject
Global
	GlobalSection(SolutionConfigurationPlatforms) = preSolution
		Debug|Any CPU = Debug|Any CPU
		Release|Any CPU = Release|Any CPU
	EndGlobalSection
	GlobalSection(ProjectConfigurationPlatforms) = postSolution
		{1E915864-554C-4BF2-BE35-829014EF94B0}.Debug|Any CPU.ActiveCfg = Debug|Any CPU
		{1E915864-554C-4BF2-BE35-829014EF94B0}.Debug|Any CPU.Build.0 = Debug|Any CPU
		{1E915864-554C-4BF2-BE35-829014EF94B0}.Release|Any CPU.ActiveCfg = Release|Any CPU
		{1E915864-554C-4BF2-BE35-829014EF94B0}.Release|Any CPU.Build.0 = Release|Any CPU
	EndGlobalSection
	GlobalSection(SolutionProperties) = preSolution
		HideSolutionNode = FALSE
	EndGlobalSection
	GlobalSection(ExtensibilityGlobals) = postSolution
		SolutionGuid = {6FB3E92B-CB5D-4505-B589-848FEBCEFDB4}
	EndGlobalSection
EndGlobal
