
Microsoft Visual Studio Solution File, Format Version 12.00
# Visual Studio Version 17
VisualStudioVersion = 17.8.34322.80
MinimumVisualStudioVersion = 10.0.40219.1
Project("{FAE04EC0-301F-11D3-BF4B-00C04F79EFBC}") = "mkr_2", "mkr_2\mkr_2.csproj", "{6766FF5A-B8A8-4CD8-8F79-A59E5F87F44D}"
EndProject
Global
	GlobalSection(SolutionConfigurationPlatforms) = preSolution
		Debug|Any CPU = Debug|Any CPU
		Release|Any CPU = Release|Any CPU
	EndGlobalSection
	GlobalSection(ProjectConfigurationPlatforms) = postSolution
		{6766FF5A-B8A8-4CD8-8F79-A59E5F87F44D}.Debug|Any CPU.ActiveCfg = Debug|Any CPU
		{6766FF5A-B8A8-4CD8-8F79-A59E5F87F44D}.Debug|Any CPU.Build.0 = Debug|Any CPU
		{6766FF5A-B8A8-4CD8-8F79-A59E5F87F44D}.Release|Any CPU.ActiveCfg = Release|Any CPU
		{6766FF5A-B8A8-4CD8-8F79-A59E5F87F44D}.Release|Any CPU.Build.0 = Release|Any CPU
	EndGlobalSection
	GlobalSection(SolutionProperties) = preSolution
		HideSolutionNode = FALSE
	EndGlobalSection
	GlobalSection(ExtensibilityGlobals) = postSolution
		SolutionGuid = {6596FFCB-AB87-489B-94F1-34A20EC27B55}
	EndGlobalSection
EndGlobal
