
Microsoft Visual Studio Solution File, Format Version 12.00
# Visual Studio Version 17
VisualStudioVersion = 17.4.33403.182
MinimumVisualStudioVersion = 10.0.40219.1
Project("{FAE04EC0-301F-11D3-BF4B-00C04F79EFBC}") = "Lab_3", "Lab_3\Lab_3.csproj", "{5EE7ADB0-4E56-44F9-896F-4DFBA008B816}"
EndProject
Global
	GlobalSection(SolutionConfigurationPlatforms) = preSolution
		Debug|Any CPU = Debug|Any CPU
		Release|Any CPU = Release|Any CPU
	EndGlobalSection
	GlobalSection(ProjectConfigurationPlatforms) = postSolution
		{5EE7ADB0-4E56-44F9-896F-4DFBA008B816}.Debug|Any CPU.ActiveCfg = Debug|Any CPU
		{5EE7ADB0-4E56-44F9-896F-4DFBA008B816}.Debug|Any CPU.Build.0 = Debug|Any CPU
		{5EE7ADB0-4E56-44F9-896F-4DFBA008B816}.Release|Any CPU.ActiveCfg = Release|Any CPU
		{5EE7ADB0-4E56-44F9-896F-4DFBA008B816}.Release|Any CPU.Build.0 = Release|Any CPU
	EndGlobalSection
	GlobalSection(SolutionProperties) = preSolution
		HideSolutionNode = FALSE
	EndGlobalSection
	GlobalSection(ExtensibilityGlobals) = postSolution
		SolutionGuid = {66A2CE52-9799-4AF4-AA7B-AA72D6AF98D4}
	EndGlobalSection
EndGlobal
