
Microsoft Visual Studio Solution File, Format Version 12.00
# Visual Studio Version 17
VisualStudioVersion = 17.8.34330.188
MinimumVisualStudioVersion = 10.0.40219.1
Project("{FAE04EC0-301F-11D3-BF4B-00C04F79EFBC}") = "lab-4", "lab-4\lab-4.csproj", "{A1389DF4-346D-4160-997A-4C009DD2845E}"
EndProject
Global
	GlobalSection(SolutionConfigurationPlatforms) = preSolution
		Debug|Any CPU = Debug|Any CPU
		Release|Any CPU = Release|Any CPU
	EndGlobalSection
	GlobalSection(ProjectConfigurationPlatforms) = postSolution
		{A1389DF4-346D-4160-997A-4C009DD2845E}.Debug|Any CPU.ActiveCfg = Debug|Any CPU
		{A1389DF4-346D-4160-997A-4C009DD2845E}.Debug|Any CPU.Build.0 = Debug|Any CPU
		{A1389DF4-346D-4160-997A-4C009DD2845E}.Release|Any CPU.ActiveCfg = Release|Any CPU
		{A1389DF4-346D-4160-997A-4C009DD2845E}.Release|Any CPU.Build.0 = Release|Any CPU
	EndGlobalSection
	GlobalSection(SolutionProperties) = preSolution
		HideSolutionNode = FALSE
	EndGlobalSection
	GlobalSection(ExtensibilityGlobals) = postSolution
		SolutionGuid = {A7226355-9C27-4759-818C-F8BD2E74DE2A}
	EndGlobalSection
EndGlobal
